// !$*UTF8*$!
{
	archiveVersion = 1;
	classes = {
	};
	objectVersion = 56;
	objects = {

/* Begin PBXBuildFile section */
		973DD54F2A7EACB400BF84C8 /* TodoListApp.swift in Sources */ = {isa = PBXBuildFile; fileRef = 973DD54E2A7EACB400BF84C8 /* TodoListApp.swift */; };
		973DD5512A7EACB400BF84C8 /* MainView.swift in Sources */ = {isa = PBXBuildFile; fileRef = 973DD5502A7EACB400BF84C8 /* MainView.swift */; };
		973DD5532A7EACB500BF84C8 /* Assets.xcassets in Resources */ = {isa = PBXBuildFile; fileRef = 973DD5522A7EACB500BF84C8 /* Assets.xcassets */; };
		973DD5562A7EACB500BF84C8 /* Preview Assets.xcassets in Resources */ = {isa = PBXBuildFile; fileRef = 973DD5552A7EACB500BF84C8 /* Preview Assets.xcassets */; };
		973DD55E2A7EAE6300BF84C8 /* FirebaseAuth in Frameworks */ = {isa = PBXBuildFile; productRef = 973DD55D2A7EAE6300BF84C8 /* FirebaseAuth */; };
		973DD5602A7EAE6300BF84C8 /* FirebaseFirestore in Frameworks */ = {isa = PBXBuildFile; productRef = 973DD55F2A7EAE6300BF84C8 /* FirebaseFirestore */; };
		973DD5622A7EAE6300BF84C8 /* FirebaseFirestoreSwift in Frameworks */ = {isa = PBXBuildFile; productRef = 973DD5612A7EAE6300BF84C8 /* FirebaseFirestoreSwift */; };
		973DD5642A7EB39700BF84C8 /* GoogleService-Info.plist in Resources */ = {isa = PBXBuildFile; fileRef = 973DD5632A7EB39700BF84C8 /* GoogleService-Info.plist */; };
		973DD56A2A7EBB7500BF84C8 /* ProfileView.swift in Sources */ = {isa = PBXBuildFile; fileRef = 973DD5692A7EBB7500BF84C8 /* ProfileView.swift */; };
		973DD56C2A7EBB9A00BF84C8 /* TodoListView.swift in Sources */ = {isa = PBXBuildFile; fileRef = 973DD56B2A7EBB9A00BF84C8 /* TodoListView.swift */; };
		973DD56E2A7EBBBE00BF84C8 /* NewItemView.swift in Sources */ = {isa = PBXBuildFile; fileRef = 973DD56D2A7EBBBE00BF84C8 /* NewItemView.swift */; };
		973DD5702A7EBBD600BF84C8 /* LoginView.swift in Sources */ = {isa = PBXBuildFile; fileRef = 973DD56F2A7EBBD600BF84C8 /* LoginView.swift */; };
		973DD5722A7EBBED00BF84C8 /* RegisterView.swift in Sources */ = {isa = PBXBuildFile; fileRef = 973DD5712A7EBBED00BF84C8 /* RegisterView.swift */; };
		973DD5742A7EBC2C00BF84C8 /* TodoListItemView.swift in Sources */ = {isa = PBXBuildFile; fileRef = 973DD5732A7EBC2C00BF84C8 /* TodoListItemView.swift */; };
		973DD5762A7EBC9200BF84C8 /* User.swift in Sources */ = {isa = PBXBuildFile; fileRef = 973DD5752A7EBC9200BF84C8 /* User.swift */; };
		973DD5782A7EBCA900BF84C8 /* TodoListItem.swift in Sources */ = {isa = PBXBuildFile; fileRef = 973DD5772A7EBCA900BF84C8 /* TodoListItem.swift */; };
		973DD57A2A7EBD1300BF84C8 /* MainViewViewModel.swift in Sources */ = {isa = PBXBuildFile; fileRef = 973DD5792A7EBD1300BF84C8 /* MainViewViewModel.swift */; };
		973DD57C2A7EBD2400BF84C8 /* ProfileViewViewModel.swift in Sources */ = {isa = PBXBuildFile; fileRef = 973DD57B2A7EBD2400BF84C8 /* ProfileViewViewModel.swift */; };
		973DD57E2A7EBD3600BF84C8 /* TodoListViewViewModel.swift in Sources */ = {isa = PBXBuildFile; fileRef = 973DD57D2A7EBD3600BF84C8 /* TodoListViewViewModel.swift */; };
		973DD5802A7EBD6F00BF84C8 /* NewItemViewViewModel.swift in Sources */ = {isa = PBXBuildFile; fileRef = 973DD57F2A7EBD6F00BF84C8 /* NewItemViewViewModel.swift */; };
		973DD5822A7EBD8000BF84C8 /* LoginViewViewModel.swift in Sources */ = {isa = PBXBuildFile; fileRef = 973DD5812A7EBD8000BF84C8 /* LoginViewViewModel.swift */; };
		973DD5842A7EBD8C00BF84C8 /* RegisterViewViewModel.swift in Sources */ = {isa = PBXBuildFile; fileRef = 973DD5832A7EBD8C00BF84C8 /* RegisterViewViewModel.swift */; };
		973DD5862A7EBDA000BF84C8 /* TodoListItemViewViewModel.swift in Sources */ = {isa = PBXBuildFile; fileRef = 973DD5852A7EBDA000BF84C8 /* TodoListItemViewViewModel.swift */; };
/* End PBXBuildFile section */

/* Begin PBXFileReference section */
		973DD54B2A7EACB400BF84C8 /* TodoList.app */ = {isa = PBXFileReference; explicitFileType = wrapper.application; includeInIndex = 0; path = TodoList.app; sourceTree = BUILT_PRODUCTS_DIR; };
		973DD54E2A7EACB400BF84C8 /* TodoListApp.swift */ = {isa = PBXFileReference; lastKnownFileType = sourcecode.swift; path = TodoListApp.swift; sourceTree = "<group>"; };
		973DD5502A7EACB400BF84C8 /* MainView.swift */ = {isa = PBXFileReference; lastKnownFileType = sourcecode.swift; path = MainView.swift; sourceTree = "<group>"; };
		973DD5522A7EACB500BF84C8 /* Assets.xcassets */ = {isa = PBXFileReference; lastKnownFileType = folder.assetcatalog; path = Assets.xcassets; sourceTree = "<group>"; };
		973DD5552A7EACB500BF84C8 /* Preview Assets.xcassets */ = {isa = PBXFileReference; lastKnownFileType = folder.assetcatalog; path = "Preview Assets.xcassets"; sourceTree = "<group>"; };
		973DD5632A7EB39700BF84C8 /* GoogleService-Info.plist */ = {isa = PBXFileReference; fileEncoding = 4; lastKnownFileType = text.plist.xml; path = "GoogleService-Info.plist"; sourceTree = "<group>"; };
		973DD5692A7EBB7500BF84C8 /* ProfileView.swift */ = {isa = PBXFileReference; lastKnownFileType = sourcecode.swift; path = ProfileView.swift; sourceTree = "<group>"; };
		973DD56B2A7EBB9A00BF84C8 /* TodoListView.swift */ = {isa = PBXFileReference; lastKnownFileType = sourcecode.swift; path = TodoListView.swift; sourceTree = "<group>"; };
		973DD56D2A7EBBBE00BF84C8 /* NewItemView.swift */ = {isa = PBXFileReference; lastKnownFileType = sourcecode.swift; path = NewItemView.swift; sourceTree = "<group>"; };
		973DD56F2A7EBBD600BF84C8 /* LoginView.swift */ = {isa = PBXFileReference; lastKnownFileType = sourcecode.swift; path = LoginView.swift; sourceTree = "<group>"; };
		973DD5712A7EBBED00BF84C8 /* RegisterView.swift */ = {isa = PBXFileReference; lastKnownFileType = sourcecode.swift; path = RegisterView.swift; sourceTree = "<group>"; };
		973DD5732A7EBC2C00BF84C8 /* TodoListItemView.swift */ = {isa = PBXFileReference; lastKnownFileType = sourcecode.swift; path = TodoListItemView.swift; sourceTree = "<group>"; };
		973DD5752A7EBC9200BF84C8 /* User.swift */ = {isa = PBXFileReference; lastKnownFileType = sourcecode.swift; path = User.swift; sourceTree = "<group>"; };
		973DD5772A7EBCA900BF84C8 /* TodoListItem.swift */ = {isa = PBXFileReference; lastKnownFileType = sourcecode.swift; path = TodoListItem.swift; sourceTree = "<group>"; };
		973DD5792A7EBD1300BF84C8 /* MainViewViewModel.swift */ = {isa = PBXFileReference; lastKnownFileType = sourcecode.swift; path = MainViewViewModel.swift; sourceTree = "<group>"; };
		973DD57B2A7EBD2400BF84C8 /* ProfileViewViewModel.swift */ = {isa = PBXFileReference; lastKnownFileType = sourcecode.swift; path = ProfileViewViewModel.swift; sourceTree = "<group>"; };
		973DD57D2A7EBD3600BF84C8 /* TodoListViewViewModel.swift */ = {isa = PBXFileReference; lastKnownFileType = sourcecode.swift; path = TodoListViewViewModel.swift; sourceTree = "<group>"; };
		973DD57F2A7EBD6F00BF84C8 /* NewItemViewViewModel.swift */ = {isa = PBXFileReference; lastKnownFileType = sourcecode.swift; path = NewItemViewViewModel.swift; sourceTree = "<group>"; };
		973DD5812A7EBD8000BF84C8 /* LoginViewViewModel.swift */ = {isa = PBXFileReference; lastKnownFileType = sourcecode.swift; path = LoginViewViewModel.swift; sourceTree = "<group>"; };
		973DD5832A7EBD8C00BF84C8 /* RegisterViewViewModel.swift */ = {isa = PBXFileReference; lastKnownFileType = sourcecode.swift; path = RegisterViewViewModel.swift; sourceTree = "<group>"; };
		973DD5852A7EBDA000BF84C8 /* TodoListItemViewViewModel.swift */ = {isa = PBXFileReference; lastKnownFileType = sourcecode.swift; path = TodoListItemViewViewModel.swift; sourceTree = "<group>"; };
/* End PBXFileReference section */

/* Begin PBXFrameworksBuildPhase section */
		973DD5482A7EACB400BF84C8 /* Frameworks */ = {
			isa = PBXFrameworksBuildPhase;
			buildActionMask = 2147483647;
			files = (
				973DD55E2A7EAE6300BF84C8 /* FirebaseAuth in Frameworks */,
				973DD5602A7EAE6300BF84C8 /* FirebaseFirestore in Frameworks */,
				973DD5622A7EAE6300BF84C8 /* FirebaseFirestoreSwift in Frameworks */,
			);
			runOnlyForDeploymentPostprocessing = 0;
		};
/* End PBXFrameworksBuildPhase section */

/* Begin PBXGroup section */
		973DD5422A7EACB400BF84C8 = {
			isa = PBXGroup;
			children = (
				973DD54D2A7EACB400BF84C8 /* TodoList */,
				973DD54C2A7EACB400BF84C8 /* Products */,
			);
			sourceTree = "<group>";
		};
		973DD54C2A7EACB400BF84C8 /* Products */ = {
			isa = PBXGroup;
			children = (
				973DD54B2A7EACB400BF84C8 /* TodoList.app */,
			);
			name = Products;
			sourceTree = "<group>";
		};
		973DD54D2A7EACB400BF84C8 /* TodoList */ = {
			isa = PBXGroup;
			children = (
				973DD5682A7EB63C00BF84C8 /* Other */,
				973DD5672A7EB60800BF84C8 /* Models */,
				973DD5662A7EB5E400BF84C8 /* ViewModels */,
				973DD5652A7EB5B800BF84C8 /* Views */,
				973DD5542A7EACB500BF84C8 /* Preview Content */,
			);
			path = TodoList;
			sourceTree = "<group>";
		};
		973DD5542A7EACB500BF84C8 /* Preview Content */ = {
			isa = PBXGroup;
			children = (
				973DD5552A7EACB500BF84C8 /* Preview Assets.xcassets */,
			);
			path = "Preview Content";
			sourceTree = "<group>";
		};
		973DD5652A7EB5B800BF84C8 /* Views */ = {
			isa = PBXGroup;
			children = (
				973DD5502A7EACB400BF84C8 /* MainView.swift */,
				973DD5692A7EBB7500BF84C8 /* ProfileView.swift */,
				973DD56B2A7EBB9A00BF84C8 /* TodoListView.swift */,
				973DD56D2A7EBBBE00BF84C8 /* NewItemView.swift */,
				973DD56F2A7EBBD600BF84C8 /* LoginView.swift */,
				973DD5712A7EBBED00BF84C8 /* RegisterView.swift */,
				973DD5732A7EBC2C00BF84C8 /* TodoListItemView.swift */,
			);
			path = Views;
			sourceTree = "<group>";
		};
		973DD5662A7EB5E400BF84C8 /* ViewModels */ = {
			isa = PBXGroup;
			children = (
				973DD5792A7EBD1300BF84C8 /* MainViewViewModel.swift */,
				973DD57B2A7EBD2400BF84C8 /* ProfileViewViewModel.swift */,
				973DD57D2A7EBD3600BF84C8 /* TodoListViewViewModel.swift */,
				973DD57F2A7EBD6F00BF84C8 /* NewItemViewViewModel.swift */,
				973DD5812A7EBD8000BF84C8 /* LoginViewViewModel.swift */,
				973DD5832A7EBD8C00BF84C8 /* RegisterViewViewModel.swift */,
				973DD5852A7EBDA000BF84C8 /* TodoListItemViewViewModel.swift */,
			);
			path = ViewModels;
			sourceTree = "<group>";
		};
		973DD5672A7EB60800BF84C8 /* Models */ = {
			isa = PBXGroup;
			children = (
				973DD5752A7EBC9200BF84C8 /* User.swift */,
				973DD5772A7EBCA900BF84C8 /* TodoListItem.swift */,
			);
			path = Models;
			sourceTree = "<group>";
		};
		973DD5682A7EB63C00BF84C8 /* Other */ = {
			isa = PBXGroup;
			children = (
				973DD5522A7EACB500BF84C8 /* Assets.xcassets */,
				973DD5632A7EB39700BF84C8 /* GoogleService-Info.plist */,
				973DD54E2A7EACB400BF84C8 /* TodoListApp.swift */,
			);
			path = Other;
			sourceTree = "<group>";
		};
/* End PBXGroup section */

/* Begin PBXNativeTarget section */
		973DD54A2A7EACB400BF84C8 /* TodoList */ = {
			isa = PBXNativeTarget;
			buildConfigurationList = 973DD5592A7EACB500BF84C8 /* Build configuration list for PBXNativeTarget "TodoList" */;
			buildPhases = (
				973DD5472A7EACB400BF84C8 /* Sources */,
				973DD5482A7EACB400BF84C8 /* Frameworks */,
				973DD5492A7EACB400BF84C8 /* Resources */,
			);
			buildRules = (
			);
			dependencies = (
			);
			name = TodoList;
			packageProductDependencies = (
				973DD55D2A7EAE6300BF84C8 /* FirebaseAuth */,
				973DD55F2A7EAE6300BF84C8 /* FirebaseFirestore */,
				973DD5612A7EAE6300BF84C8 /* FirebaseFirestoreSwift */,
			);
			productName = TodoList;
			productReference = 973DD54B2A7EACB400BF84C8 /* TodoList.app */;
			productType = "com.apple.product-type.application";
		};
/* End PBXNativeTarget section */

/* Begin PBXProject section */
		973DD5432A7EACB400BF84C8 /* Project object */ = {
			isa = PBXProject;
			attributes = {
				BuildIndependentTargetsInParallel = 1;
				LastSwiftUpdateCheck = 1430;
				LastUpgradeCheck = 1430;
				TargetAttributes = {
					973DD54A2A7EACB400BF84C8 = {
						CreatedOnToolsVersion = 14.3.1;
					};
				};
			};
			buildConfigurationList = 973DD5462A7EACB400BF84C8 /* Build configuration list for PBXProject "TodoList" */;
			compatibilityVersion = "Xcode 14.0";
			developmentRegion = en;
			hasScannedForEncodings = 0;
			knownRegions = (
				en,
				Base,
			);
			mainGroup = 973DD5422A7EACB400BF84C8;
			packageReferences = (
				973DD55C2A7EAE6300BF84C8 /* XCRemoteSwiftPackageReference "firebase-ios-sdk" */,
			);
			productRefGroup = 973DD54C2A7EACB400BF84C8 /* Products */;
			projectDirPath = "";
			projectRoot = "";
			targets = (
				973DD54A2A7EACB400BF84C8 /* TodoList */,
			);
		};
/* End PBXProject section */

/* Begin PBXResourcesBuildPhase section */
		973DD5492A7EACB400BF84C8 /* Resources */ = {
			isa = PBXResourcesBuildPhase;
			buildActionMask = 2147483647;
			files = (
				973DD5562A7EACB500BF84C8 /* Preview Assets.xcassets in Resources */,
				973DD5532A7EACB500BF84C8 /* Assets.xcassets in Resources */,
				973DD5642A7EB39700BF84C8 /* GoogleService-Info.plist in Resources */,
			);
			runOnlyForDeploymentPostprocessing = 0;
		};
/* End PBXResourcesBuildPhase section */

/* Begin PBXSourcesBuildPhase section */
		973DD5472A7EACB400BF84C8 /* Sources */ = {
			isa = PBXSourcesBuildPhase;
			buildActionMask = 2147483647;
			files = (
				973DD5782A7EBCA900BF84C8 /* TodoListItem.swift in Sources */,
				973DD5862A7EBDA000BF84C8 /* TodoListItemViewViewModel.swift in Sources */,
				973DD5702A7EBBD600BF84C8 /* LoginView.swift in Sources */,
				973DD5842A7EBD8C00BF84C8 /* RegisterViewViewModel.swift in Sources */,
				973DD57A2A7EBD1300BF84C8 /* MainViewViewModel.swift in Sources */,
				973DD5512A7EACB400BF84C8 /* MainView.swift in Sources */,
				973DD56A2A7EBB7500BF84C8 /* ProfileView.swift in Sources */,
				973DD57C2A7EBD2400BF84C8 /* ProfileViewViewModel.swift in Sources */,
				973DD5722A7EBBED00BF84C8 /* RegisterView.swift in Sources */,
				973DD54F2A7EACB400BF84C8 /* TodoListApp.swift in Sources */,
				973DD57E2A7EBD3600BF84C8 /* TodoListViewViewModel.swift in Sources */,
				973DD5762A7EBC9200BF84C8 /* User.swift in Sources */,
				973DD5822A7EBD8000BF84C8 /* LoginViewViewModel.swift in Sources */,
				973DD5742A7EBC2C00BF84C8 /* TodoListItemView.swift in Sources */,
				973DD56C2A7EBB9A00BF84C8 /* TodoListView.swift in Sources */,
				973DD56E2A7EBBBE00BF84C8 /* NewItemView.swift in Sources */,
				973DD5802A7EBD6F00BF84C8 /* NewItemViewViewModel.swift in Sources */,
			);
			runOnlyForDeploymentPostprocessing = 0;
		};
/* End PBXSourcesBuildPhase section */

/* Begin XCBuildConfiguration section */
		973DD5572A7EACB500BF84C8 /* Debug */ = {
			isa = XCBuildConfiguration;
			buildSettings = {
				ALWAYS_SEARCH_USER_PATHS = NO;
				CLANG_ANALYZER_NONNULL = YES;
				CLANG_ANALYZER_NUMBER_OBJECT_CONVERSION = YES_AGGRESSIVE;
				CLANG_CXX_LANGUAGE_STANDARD = "gnu++20";
				CLANG_ENABLE_MODULES = YES;
				CLANG_ENABLE_OBJC_ARC = YES;
				CLANG_ENABLE_OBJC_WEAK = YES;
				CLANG_WARN_BLOCK_CAPTURE_AUTORELEASING = YES;
				CLANG_WARN_BOOL_CONVERSION = YES;
				CLANG_WARN_COMMA = YES;
				CLANG_WARN_CONSTANT_CONVERSION = YES;
				CLANG_WARN_DEPRECATED_OBJC_IMPLEMENTATIONS = YES;
				CLANG_WARN_DIRECT_OBJC_ISA_USAGE = YES_ERROR;
				CLANG_WARN_DOCUMENTATION_COMMENTS = YES;
				CLANG_WARN_EMPTY_BODY = YES;
				CLANG_WARN_ENUM_CONVERSION = YES;
				CLANG_WARN_INFINITE_RECURSION = YES;
				CLANG_WARN_INT_CONVERSION = YES;
				CLANG_WARN_NON_LITERAL_NULL_CONVERSION = YES;
				CLANG_WARN_OBJC_IMPLICIT_RETAIN_SELF = YES;
				CLANG_WARN_OBJC_LITERAL_CONVERSION = YES;
				CLANG_WARN_OBJC_ROOT_CLASS = YES_ERROR;
				CLANG_WARN_QUOTED_INCLUDE_IN_FRAMEWORK_HEADER = YES;
				CLANG_WARN_RANGE_LOOP_ANALYSIS = YES;
				CLANG_WARN_STRICT_PROTOTYPES = YES;
				CLANG_WARN_SUSPICIOUS_MOVE = YES;
				CLANG_WARN_UNGUARDED_AVAILABILITY = YES_AGGRESSIVE;
				CLANG_WARN_UNREACHABLE_CODE = YES;
				CLANG_WARN__DUPLICATE_METHOD_MATCH = YES;
				COPY_PHASE_STRIP = NO;
				DEBUG_INFORMATION_FORMAT = dwarf;
				ENABLE_STRICT_OBJC_MSGSEND = YES;
				ENABLE_TESTABILITY = YES;
				GCC_C_LANGUAGE_STANDARD = gnu11;
				GCC_DYNAMIC_NO_PIC = NO;
				GCC_NO_COMMON_BLOCKS = YES;
				GCC_OPTIMIZATION_LEVEL = 0;
				GCC_PREPROCESSOR_DEFINITIONS = (
					"DEBUG=1",
					"$(inherited)",
				);
				GCC_WARN_64_TO_32_BIT_CONVERSION = YES;
				GCC_WARN_ABOUT_RETURN_TYPE = YES_ERROR;
				GCC_WARN_UNDECLARED_SELECTOR = YES;
				GCC_WARN_UNINITIALIZED_AUTOS = YES_AGGRESSIVE;
				GCC_WARN_UNUSED_FUNCTION = YES;
				GCC_WARN_UNUSED_VARIABLE = YES;
				IPHONEOS_DEPLOYMENT_TARGET = 16.4;
				MTL_ENABLE_DEBUG_INFO = INCLUDE_SOURCE;
				MTL_FAST_MATH = YES;
				ONLY_ACTIVE_ARCH = YES;
				SDKROOT = iphoneos;
				SWIFT_ACTIVE_COMPILATION_CONDITIONS = DEBUG;
				SWIFT_OPTIMIZATION_LEVEL = "-Onone";
			};
			name = Debug;
		};
		973DD5582A7EACB500BF84C8 /* Release */ = {
			isa = XCBuildConfiguration;
			buildSettings = {
				ALWAYS_SEARCH_USER_PATHS = NO;
				CLANG_ANALYZER_NONNULL = YES;
				CLANG_ANALYZER_NUMBER_OBJECT_CONVERSION = YES_AGGRESSIVE;
				CLANG_CXX_LANGUAGE_STANDARD = "gnu++20";
				CLANG_ENABLE_MODULES = YES;
				CLANG_ENABLE_OBJC_ARC = YES;
				CLANG_ENABLE_OBJC_WEAK = YES;
				CLANG_WARN_BLOCK_CAPTURE_AUTORELEASING = YES;
				CLANG_WARN_BOOL_CONVERSION = YES;
				CLANG_WARN_COMMA = YES;
				CLANG_WARN_CONSTANT_CONVERSION = YES;
				CLANG_WARN_DEPRECATED_OBJC_IMPLEMENTATIONS = YES;
				CLANG_WARN_DIRECT_OBJC_ISA_USAGE = YES_ERROR;
				CLANG_WARN_DOCUMENTATION_COMMENTS = YES;
				CLANG_WARN_EMPTY_BODY = YES;
				CLANG_WARN_ENUM_CONVERSION = YES;
				CLANG_WARN_INFINITE_RECURSION = YES;
				CLANG_WARN_INT_CONVERSION = YES;
				CLANG_WARN_NON_LITERAL_NULL_CONVERSION = YES;
				CLANG_WARN_OBJC_IMPLICIT_RETAIN_SELF = YES;
				CLANG_WARN_OBJC_LITERAL_CONVERSION = YES;
				CLANG_WARN_OBJC_ROOT_CLASS = YES_ERROR;
				CLANG_WARN_QUOTED_INCLUDE_IN_FRAMEWORK_HEADER = YES;
				CLANG_WARN_RANGE_LOOP_ANALYSIS = YES;
				CLANG_WARN_STRICT_PROTOTYPES = YES;
				CLANG_WARN_SUSPICIOUS_MOVE = YES;
				CLANG_WARN_UNGUARDED_AVAILABILITY = YES_AGGRESSIVE;
				CLANG_WARN_UNREACHABLE_CODE = YES;
				CLANG_WARN__DUPLICATE_METHOD_MATCH = YES;
				COPY_PHASE_STRIP = NO;
				DEBUG_INFORMATION_FORMAT = "dwarf-with-dsym";
				ENABLE_NS_ASSERTIONS = NO;
				ENABLE_STRICT_OBJC_MSGSEND = YES;
				GCC_C_LANGUAGE_STANDARD = gnu11;
				GCC_NO_COMMON_BLOCKS = YES;
				GCC_WARN_64_TO_32_BIT_CONVERSION = YES;
				GCC_WARN_ABOUT_RETURN_TYPE = YES_ERROR;
				GCC_WARN_UNDECLARED_SELECTOR = YES;
				GCC_WARN_UNINITIALIZED_AUTOS = YES_AGGRESSIVE;
				GCC_WARN_UNUSED_FUNCTION = YES;
				GCC_WARN_UNUSED_VARIABLE = YES;
				IPHONEOS_DEPLOYMENT_TARGET = 16.4;
				MTL_ENABLE_DEBUG_INFO = NO;
				MTL_FAST_MATH = YES;
				SDKROOT = iphoneos;
				SWIFT_COMPILATION_MODE = wholemodule;
				SWIFT_OPTIMIZATION_LEVEL = "-O";
				VALIDATE_PRODUCT = YES;
			};
			name = Release;
		};
		973DD55A2A7EACB500BF84C8 /* Debug */ = {
			isa = XCBuildConfiguration;
			buildSettings = {
				ASSETCATALOG_COMPILER_APPICON_NAME = AppIcon;
				ASSETCATALOG_COMPILER_GLOBAL_ACCENT_COLOR_NAME = AccentColor;
				CODE_SIGN_STYLE = Automatic;
				CURRENT_PROJECT_VERSION = 1;
				DEVELOPMENT_ASSET_PATHS = "\"TodoList/Preview Content\"";
				DEVELOPMENT_TEAM = B42V7D8D7Q;
				ENABLE_PREVIEWS = YES;
				GENERATE_INFOPLIST_FILE = YES;
				INFOPLIST_KEY_CFBundleDisplayName = "Todo List";
				INFOPLIST_KEY_UIApplicationSceneManifest_Generation = YES;
				INFOPLIST_KEY_UIApplicationSupportsIndirectInputEvents = YES;
				INFOPLIST_KEY_UILaunchScreen_Generation = YES;
				INFOPLIST_KEY_UISupportedInterfaceOrientations = UIInterfaceOrientationPortrait;
				LD_RUNPATH_SEARCH_PATHS = (
					"$(inherited)",
					"@executable_path/Frameworks",
				);
				MARKETING_VERSION = 1.0;
				PRODUCT_BUNDLE_IDENTIFIER = fr.tomoetek.TodoList;
				PRODUCT_NAME = "$(TARGET_NAME)";
				SWIFT_EMIT_LOC_STRINGS = YES;
				SWIFT_VERSION = 5.0;
				TARGETED_DEVICE_FAMILY = "1,2";
			};
			name = Debug;
		};
		973DD55B2A7EACB500BF84C8 /* Release */ = {
			isa = XCBuildConfiguration;
			buildSettings = {
				ASSETCATALOG_COMPILER_APPICON_NAME = AppIcon;
				ASSETCATALOG_COMPILER_GLOBAL_ACCENT_COLOR_NAME = AccentColor;
				CODE_SIGN_STYLE = Automatic;
				CURRENT_PROJECT_VERSION = 1;
				DEVELOPMENT_ASSET_PATHS = "\"TodoList/Preview Content\"";
				DEVELOPMENT_TEAM = B42V7D8D7Q;
				ENABLE_PREVIEWS = YES;
				GENERATE_INFOPLIST_FILE = YES;
				INFOPLIST_KEY_CFBundleDisplayName = "Todo List";
				INFOPLIST_KEY_UIApplicationSceneManifest_Generation = YES;
				INFOPLIST_KEY_UIApplicationSupportsIndirectInputEvents = YES;
				INFOPLIST_KEY_UILaunchScreen_Generation = YES;
				INFOPLIST_KEY_UISupportedInterfaceOrientations = UIInterfaceOrientationPortrait;
				LD_RUNPATH_SEARCH_PATHS = (
					"$(inherited)",
					"@executable_path/Frameworks",
				);
				MARKETING_VERSION = 1.0;
				PRODUCT_BUNDLE_IDENTIFIER = fr.tomoetek.TodoList;
				PRODUCT_NAME = "$(TARGET_NAME)";
				SWIFT_EMIT_LOC_STRINGS = YES;
				SWIFT_VERSION = 5.0;
				TARGETED_DEVICE_FAMILY = "1,2";
			};
			name = Release;
		};
/* End XCBuildConfiguration section */

/* Begin XCConfigurationList section */
		973DD5462A7EACB400BF84C8 /* Build configuration list for PBXProject "TodoList" */ = {
			isa = XCConfigurationList;
			buildConfigurations = (
				973DD5572A7EACB500BF84C8 /* Debug */,
				973DD5582A7EACB500BF84C8 /* Release */,
			);
			defaultConfigurationIsVisible = 0;
			defaultConfigurationName = Release;
		};
		973DD5592A7EACB500BF84C8 /* Build configuration list for PBXNativeTarget "TodoList" */ = {
			isa = XCConfigurationList;
			buildConfigurations = (
				973DD55A2A7EACB500BF84C8 /* Debug */,
				973DD55B2A7EACB500BF84C8 /* Release */,
			);
			defaultConfigurationIsVisible = 0;
			defaultConfigurationName = Release;
		};
/* End XCConfigurationList section */

/* Begin XCRemoteSwiftPackageReference section */
		973DD55C2A7EAE6300BF84C8 /* XCRemoteSwiftPackageReference "firebase-ios-sdk" */ = {
			isa = XCRemoteSwiftPackageReference;
			repositoryURL = "https://github.com/firebase/firebase-ios-sdk";
			requirement = {
				kind = upToNextMajorVersion;
				minimumVersion = 10.0.0;
			};
		};
/* End XCRemoteSwiftPackageReference section */

/* Begin XCSwiftPackageProductDependency section */
		973DD55D2A7EAE6300BF84C8 /* FirebaseAuth */ = {
			isa = XCSwiftPackageProductDependency;
			package = 973DD55C2A7EAE6300BF84C8 /* XCRemoteSwiftPackageReference "firebase-ios-sdk" */;
			productName = FirebaseAuth;
		};
		973DD55F2A7EAE6300BF84C8 /* FirebaseFirestore */ = {
			isa = XCSwiftPackageProductDependency;
			package = 973DD55C2A7EAE6300BF84C8 /* XCRemoteSwiftPackageReference "firebase-ios-sdk" */;
			productName = FirebaseFirestore;
		};
		973DD5612A7EAE6300BF84C8 /* FirebaseFirestoreSwift */ = {
			isa = XCSwiftPackageProductDependency;
			package = 973DD55C2A7EAE6300BF84C8 /* XCRemoteSwiftPackageReference "firebase-ios-sdk" */;
			productName = FirebaseFirestoreSwift;
		};
/* End XCSwiftPackageProductDependency section */
	};
	rootObject = 973DD5432A7EACB400BF84C8 /* Project object */;
}
